
Microsoft Visual Studio Solution File, Format Version 12.00
# Visual Studio Version 16
VisualStudioVersion = 16.0.33328.57
MinimumVisualStudioVersion = 10.0.40219.1
Project("{FAE04EC0-301F-11D3-BF4B-00C04F79EFBC}") = "ProjetoAula02", "ProjetoAula02\ProjetoAula02.csproj", "{2316CD54-5B08-45C6-9371-952C220D3846}"
EndProject
Global
	GlobalSection(SolutionConfigurationPlatforms) = preSolution
		Debug|Any CPU = Debug|Any CPU
		Release|Any CPU = Release|Any CPU
	EndGlobalSection
	GlobalSection(ProjectConfigurationPlatforms) = postSolution
		{2316CD54-5B08-45C6-9371-952C220D3846}.Debug|Any CPU.ActiveCfg = Debug|Any CPU
		{2316CD54-5B08-45C6-9371-952C220D3846}.Debug|Any CPU.Build.0 = Debug|Any CPU
		{2316CD54-5B08-45C6-9371-952C220D3846}.Release|Any CPU.ActiveCfg = Release|Any CPU
		{2316CD54-5B08-45C6-9371-952C220D3846}.Release|Any CPU.Build.0 = Release|Any CPU
	EndGlobalSection
	GlobalSection(SolutionProperties) = preSolution
		HideSolutionNode = FALSE
	EndGlobalSection
	GlobalSection(ExtensibilityGlobals) = postSolution
		SolutionGuid = {69737A27-6FD9-4B61-821D-AA508EFFA159}
	EndGlobalSection
EndGlobal
